
Microsoft Visual Studio Solution File, Format Version 12.00
# Visual Studio Version 16
VisualStudioVersion = 16.0.31005.135
MinimumVisualStudioVersion = 10.0.40219.1
Project("{FAE04EC0-301F-11D3-BF4B-00C04F79EFBC}") = "InterfaceAbstractDemo", "InterfaceAbstractDemo\InterfaceAbstractDemo.csproj", "{45FD768C-7D89-4879-9109-8A08A3102940}"
EndProject
Global
	GlobalSection(SolutionConfigurationPlatforms) = preSolution
		Debug|Any CPU = Debug|Any CPU
		Release|Any CPU = Release|Any CPU
	EndGlobalSection
	GlobalSection(ProjectConfigurationPlatforms) = postSolution
		{45FD768C-7D89-4879-9109-8A08A3102940}.Debug|Any CPU.ActiveCfg = Debug|Any CPU
		{45FD768C-7D89-4879-9109-8A08A3102940}.Debug|Any CPU.Build.0 = Debug|Any CPU
		{45FD768C-7D89-4879-9109-8A08A3102940}.Release|Any CPU.ActiveCfg = Release|Any CPU
		{45FD768C-7D89-4879-9109-8A08A3102940}.Release|Any CPU.Build.0 = Release|Any CPU
	EndGlobalSection
	GlobalSection(SolutionProperties) = preSolution
		HideSolutionNode = FALSE
	EndGlobalSection
	GlobalSection(ExtensibilityGlobals) = postSolution
		SolutionGuid = {3F0B2271-6D64-4218-8EE4-99BF7726B4ED}
	EndGlobalSection
EndGlobal
